
Microsoft Visual Studio Solution File, Format Version 12.00
# Visual Studio Version 17
VisualStudioVersion = 17.14.36127.28 d17.14
MinimumVisualStudioVersion = 10.0.40219.1
Project("{FAE04EC0-301F-11D3-BF4B-00C04F79EFBC}") = "TaskFour", "TaskFour\TaskFour.csproj", "{8C366796-FED9-4F12-852E-9423FFFBDF91}"
EndProject
Global
	GlobalSection(SolutionConfigurationPlatforms) = preSolution
		Debug|Any CPU = Debug|Any CPU
		Release|Any CPU = Release|Any CPU
	EndGlobalSection
	GlobalSection(ProjectConfigurationPlatforms) = postSolution
		{8C366796-FED9-4F12-852E-9423FFFBDF91}.Debug|Any CPU.ActiveCfg = Debug|Any CPU
		{8C366796-FED9-4F12-852E-9423FFFBDF91}.Debug|Any CPU.Build.0 = Debug|Any CPU
		{8C366796-FED9-4F12-852E-9423FFFBDF91}.Release|Any CPU.ActiveCfg = Release|Any CPU
		{8C366796-FED9-4F12-852E-9423FFFBDF91}.Release|Any CPU.Build.0 = Release|Any CPU
	EndGlobalSection
	GlobalSection(SolutionProperties) = preSolution
		HideSolutionNode = FALSE
	EndGlobalSection
	GlobalSection(ExtensibilityGlobals) = postSolution
		SolutionGuid = {5F6593E7-F7E8-4A59-AF86-B95F7CE72FD3}
	EndGlobalSection
EndGlobal
